
Microsoft Visual Studio Solution File, Format Version 12.00
# Visual Studio Version 16
VisualStudioVersion = 16.0.30309.148
MinimumVisualStudioVersion = 10.0.40219.1
Project("{FAE04EC0-301F-11D3-BF4B-00C04F79EFBC}") = "Simple OCR", "Simple OCR.csproj", "{BB5C468D-3664-45AC-BF93-0D27A20F2F75}"
EndProject
Global
	GlobalSection(SolutionConfigurationPlatforms) = preSolution
		Debug|Any CPU = Debug|Any CPU
		Release|Any CPU = Release|Any CPU
	EndGlobalSection
	GlobalSection(ProjectConfigurationPlatforms) = postSolution
		{BB5C468D-3664-45AC-BF93-0D27A20F2F75}.Debug|Any CPU.ActiveCfg = Debug|Any CPU
		{BB5C468D-3664-45AC-BF93-0D27A20F2F75}.Debug|Any CPU.Build.0 = Debug|Any CPU
		{BB5C468D-3664-45AC-BF93-0D27A20F2F75}.Release|Any CPU.ActiveCfg = Release|Any CPU
		{BB5C468D-3664-45AC-BF93-0D27A20F2F75}.Release|Any CPU.Build.0 = Release|Any CPU
	EndGlobalSection
	GlobalSection(SolutionProperties) = preSolution
		HideSolutionNode = FALSE
	EndGlobalSection
	GlobalSection(ExtensibilityGlobals) = postSolution
		SolutionGuid = {AE48815D-3810-4C9B-B221-228E0D331B38}
	EndGlobalSection
EndGlobal
